
Microsoft Visual Studio Solution File, Format Version 12.00
Project("{FAE04EC0-301F-11D3-BF4B-00C04F79EFBC}") = "Ollama.Console", "Ollama.Console\Ollama.Console.csproj", "{7918803C-20FE-4BEF-8F7E-10DED8826864}"
EndProject
Project("{FAE04EC0-301F-11D3-BF4B-00C04F79EFBC}") = "Ollama.RAG.Console", "Ollama.RAG.Console\Ollama.RAG.Console.csproj", "{8FFE31F3-8717-44FA-B933-F66B5F59E5E6}"
EndProject
Project("{FAE04EC0-301F-11D3-BF4B-00C04F79EFBC}") = "GitHubModels.Console", "GitHubModels.Console\GitHubModels.Console.csproj", "{BD2E17F6-F92C-4400-8FCD-3CAFC2CC026F}"
EndProject
Project("{FAE04EC0-301F-11D3-BF4B-00C04F79EFBC}") = "SemanticKernel.Console", "SemanticKernel.Console\SemanticKernel.Console.csproj", "{F17C01A4-2B08-4129-9388-B80FF99DA559}"
EndProject
Project("{FAE04EC0-301F-11D3-BF4B-00C04F79EFBC}") = "MyPgVectorStore.Web", "MyPgVectorStore.Web\MyPgVectorStore.Web.csproj", "{665A57EC-C850-4808-BEB2-6CD3126D1D86}"
EndProject
Project("{FAE04EC0-301F-11D3-BF4B-00C04F79EFBC}") = "MAF.Agents.Console", "MAF.Agents.Console\MAF.Agents.Console.csproj", "{50881B50-688C-4B6B-8C75-F2B808413C62}"
EndProject
Global
	GlobalSection(SolutionConfigurationPlatforms) = preSolution
		Debug|Any CPU = Debug|Any CPU
		Release|Any CPU = Release|Any CPU
	EndGlobalSection
	GlobalSection(ProjectConfigurationPlatforms) = postSolution
		{7918803C-20FE-4BEF-8F7E-10DED8826864}.Debug|Any CPU.ActiveCfg = Debug|Any CPU
		{7918803C-20FE-4BEF-8F7E-10DED8826864}.Debug|Any CPU.Build.0 = Debug|Any CPU
		{7918803C-20FE-4BEF-8F7E-10DED8826864}.Release|Any CPU.ActiveCfg = Release|Any CPU
		{7918803C-20FE-4BEF-8F7E-10DED8826864}.Release|Any CPU.Build.0 = Release|Any CPU
		{8FFE31F3-8717-44FA-B933-F66B5F59E5E6}.Debug|Any CPU.ActiveCfg = Debug|Any CPU
		{8FFE31F3-8717-44FA-B933-F66B5F59E5E6}.Debug|Any CPU.Build.0 = Debug|Any CPU
		{8FFE31F3-8717-44FA-B933-F66B5F59E5E6}.Release|Any CPU.ActiveCfg = Release|Any CPU
		{8FFE31F3-8717-44FA-B933-F66B5F59E5E6}.Release|Any CPU.Build.0 = Release|Any CPU
		{BD2E17F6-F92C-4400-8FCD-3CAFC2CC026F}.Debug|Any CPU.ActiveCfg = Debug|Any CPU
		{BD2E17F6-F92C-4400-8FCD-3CAFC2CC026F}.Debug|Any CPU.Build.0 = Debug|Any CPU
		{BD2E17F6-F92C-4400-8FCD-3CAFC2CC026F}.Release|Any CPU.ActiveCfg = Release|Any CPU
		{BD2E17F6-F92C-4400-8FCD-3CAFC2CC026F}.Release|Any CPU.Build.0 = Release|Any CPU
		{F17C01A4-2B08-4129-9388-B80FF99DA559}.Debug|Any CPU.ActiveCfg = Debug|Any CPU
		{F17C01A4-2B08-4129-9388-B80FF99DA559}.Debug|Any CPU.Build.0 = Debug|Any CPU
		{F17C01A4-2B08-4129-9388-B80FF99DA559}.Release|Any CPU.ActiveCfg = Release|Any CPU
		{F17C01A4-2B08-4129-9388-B80FF99DA559}.Release|Any CPU.Build.0 = Release|Any CPU
		{665A57EC-C850-4808-BEB2-6CD3126D1D86}.Debug|Any CPU.ActiveCfg = Debug|Any CPU
		{665A57EC-C850-4808-BEB2-6CD3126D1D86}.Debug|Any CPU.Build.0 = Debug|Any CPU
		{665A57EC-C850-4808-BEB2-6CD3126D1D86}.Release|Any CPU.ActiveCfg = Release|Any CPU
		{665A57EC-C850-4808-BEB2-6CD3126D1D86}.Release|Any CPU.Build.0 = Release|Any CPU
		{50881B50-688C-4B6B-8C75-F2B808413C62}.Debug|Any CPU.ActiveCfg = Debug|Any CPU
		{50881B50-688C-4B6B-8C75-F2B808413C62}.Debug|Any CPU.Build.0 = Debug|Any CPU
		{50881B50-688C-4B6B-8C75-F2B808413C62}.Release|Any CPU.ActiveCfg = Release|Any CPU
		{50881B50-688C-4B6B-8C75-F2B808413C62}.Release|Any CPU.Build.0 = Release|Any CPU
	EndGlobalSection
EndGlobal
