<Solution>
  <Project Path="Ollama.Console\Ollama.Console.csproj" />
  <Project Path="Ollama.RAG.Console\Ollama.RAG.Console.csproj" />
  <Project Path="GitHubModels.Console\GitHubModels.Console.csproj" />
  <Project Path="SemanticKernel.Console\SemanticKernel.Console.csproj" />
  <Project Path="MyPgVectorStore.Web\MyPgVectorStore.Web.csproj" />
  <Project Path="MAF.Agents.Console\MAF.Agents.Console.csproj" />
  <Project Path="Parametros.LLMs.Console\Parametros.LLMs.Console.csproj" />
</Solution>
